PODS:
  - Alamofire (5.0.2)
  - Moya (14.0.0):
    - Moya/Core (= 14.0.0)
  - Moya/Core (14.0.0):
    - Alamofire (~> 5.0)
  - MyScriptInteractiveInk-Runtime (1.3.2)
  - MyScriptInteractiveInk-UIReferenceImplementation (1.3.2):
    - MyScriptInteractiveInk-Runtime (= 1.3.2)
  - SwiftyJSON (4.3.0)

DEPENDENCIES:
  - Moya (~> 14.0)
  - MyScriptInteractiveInk-UIReferenceImplementation (from `/Users/mateuszlukasinski/Desktop/Thinkz`)
  - SwiftyJSON (~> 4.0)

SPEC REPOS:
  trunk:
    - Alamofire
    - Moya
    - MyScriptInteractiveInk-Runtime
    - SwiftyJSON

EXTERNAL SOURCES:
  MyScriptInteractiveInk-UIReferenceImplementation:
    :path: "/Users/mateuszlukasinski/Desktop/Thinkz"

SPEC CHECKSUMS:
  Alamofire: 3ba7a4db18b4f62c4a1c0e1cb39d7f3d52e10ada
  Moya: 5b45dacb75adb009f97fde91c204c1e565d31916
  MyScriptInteractiveInk-Runtime: 7f9088accc7eedbedab5071a5d74d1b74bc3648f
  MyScriptInteractiveInk-UIReferenceImplementation: eb645a8eba30370732c53002f03a3cf6e5a1678b
  SwiftyJSON: 6faa0040f8b59dead0ee07436cbf76b73c08fd08

PODFILE CHECKSUM: 9db321ca0a7df9c4c3fd2de147e6909f95ecafae

COCOAPODS: 1.8.4
