// !$*UTF8*$!
{
	archiveVersion = 1;
	classes = {
	};
	objectVersion = 51;
	objects = {

/* Begin PBXBuildFile section */
		07810FFE5DF5918E29F4A1E9 /* Pods_Thinkz.framework in Frameworks */ = {isa = PBXBuildFile; fileRef = 8F1FB6FAFEAF9586AA24D4F2 /* Pods_Thinkz.framework */; };
		230C465F2405907A0029EB2B /* SmartPenConstants .swift in Sources */ = {isa = PBXBuildFile; fileRef = 230C465E2405907A0029EB2B /* SmartPenConstants .swift */; };
		232192192405706A00DF62A7 /* MainViewController.swift in Sources */ = {isa = PBXBuildFile; fileRef = 232192182405706A00DF62A7 /* MainViewController.swift */; };
		2321921B2405729A00DF62A7 /* DrawingView.swift in Sources */ = {isa = PBXBuildFile; fileRef = 2321921A2405729A00DF62A7 /* DrawingView.swift */; };
		236D5113240459B60098611E /* TestDataViewController.swift in Sources */ = {isa = PBXBuildFile; fileRef = 236D5112240459B60098611E /* TestDataViewController.swift */; };
		236D511524045B850098611E /* TestDataViewController+CBCentralManagerDelegate.swift in Sources */ = {isa = PBXBuildFile; fileRef = 236D511424045B850098611E /* TestDataViewController+CBCentralManagerDelegate.swift */; };
		23964C712404615200DE7450 /* segueysNames.swift in Sources */ = {isa = PBXBuildFile; fileRef = 23964C702404615200DE7450 /* segueysNames.swift */; };
		23C71323240326FC00B8627F /* AppDelegate.swift in Sources */ = {isa = PBXBuildFile; fileRef = 23C71322240326FC00B8627F /* AppDelegate.swift */; };
		23C71325240326FC00B8627F /* SceneDelegate.swift in Sources */ = {isa = PBXBuildFile; fileRef = 23C71324240326FC00B8627F /* SceneDelegate.swift */; };
		23C71327240326FC00B8627F /* InitialViewController.swift in Sources */ = {isa = PBXBuildFile; fileRef = 23C71326240326FC00B8627F /* InitialViewController.swift */; };
		23C7132A240326FC00B8627F /* Main.storyboard in Resources */ = {isa = PBXBuildFile; fileRef = 23C71328240326FC00B8627F /* Main.storyboard */; };
		23C7132C2403270100B8627F /* Assets.xcassets in Resources */ = {isa = PBXBuildFile; fileRef = 23C7132B2403270100B8627F /* Assets.xcassets */; };
		23C7132F2403270100B8627F /* LaunchScreen.storyboard in Resources */ = {isa = PBXBuildFile; fileRef = 23C7132D2403270100B8627F /* LaunchScreen.storyboard */; };
/* End PBXBuildFile section */

/* Begin PBXFileReference section */
		230C465E2405907A0029EB2B /* SmartPenConstants .swift */ = {isa = PBXFileReference; lastKnownFileType = sourcecode.swift; path = "SmartPenConstants .swift"; sourceTree = "<group>"; };
		232192182405706A00DF62A7 /* MainViewController.swift */ = {isa = PBXFileReference; lastKnownFileType = sourcecode.swift; path = MainViewController.swift; sourceTree = "<group>"; };
		2321921A2405729A00DF62A7 /* DrawingView.swift */ = {isa = PBXFileReference; lastKnownFileType = sourcecode.swift; path = DrawingView.swift; sourceTree = "<group>"; };
		236D5112240459B60098611E /* TestDataViewController.swift */ = {isa = PBXFileReference; lastKnownFileType = sourcecode.swift; path = TestDataViewController.swift; sourceTree = "<group>"; };
		236D511424045B850098611E /* TestDataViewController+CBCentralManagerDelegate.swift */ = {isa = PBXFileReference; lastKnownFileType = sourcecode.swift; path = "TestDataViewController+CBCentralManagerDelegate.swift"; sourceTree = "<group>"; };
		23964C702404615200DE7450 /* segueysNames.swift */ = {isa = PBXFileReference; lastKnownFileType = sourcecode.swift; path = segueysNames.swift; sourceTree = "<group>"; };
		23C7131F240326FC00B8627F /* Thinkz.app */ = {isa = PBXFileReference; explicitFileType = wrapper.application; includeInIndex = 0; path = Thinkz.app; sourceTree = BUILT_PRODUCTS_DIR; };
		23C71322240326FC00B8627F /* AppDelegate.swift */ = {isa = PBXFileReference; lastKnownFileType = sourcecode.swift; path = AppDelegate.swift; sourceTree = "<group>"; };
		23C71324240326FC00B8627F /* SceneDelegate.swift */ = {isa = PBXFileReference; lastKnownFileType = sourcecode.swift; path = SceneDelegate.swift; sourceTree = "<group>"; };
		23C71326240326FC00B8627F /* InitialViewController.swift */ = {isa = PBXFileReference; lastKnownFileType = sourcecode.swift; path = InitialViewController.swift; sourceTree = "<group>"; };
		23C71329240326FC00B8627F /* Base */ = {isa = PBXFileReference; lastKnownFileType = file.storyboard; name = Base; path = Base.lproj/Main.storyboard; sourceTree = "<group>"; };
		23C7132B2403270100B8627F /* Assets.xcassets */ = {isa = PBXFileReference; lastKnownFileType = folder.assetcatalog; path = Assets.xcassets; sourceTree = "<group>"; };
		23C7132E2403270100B8627F /* Base */ = {isa = PBXFileReference; lastKnownFileType = file.storyboard; name = Base; path = Base.lproj/LaunchScreen.storyboard; sourceTree = "<group>"; };
		23C713302403270100B8627F /* Info.plist */ = {isa = PBXFileReference; lastKnownFileType = text.plist.xml; path = Info.plist; sourceTree = "<group>"; };
		2D62BF094D2087BBB00EECBB /* Pods-Thinkz.debug.xcconfig */ = {isa = PBXFileReference; includeInIndex = 1; lastKnownFileType = text.xcconfig; name = "Pods-Thinkz.debug.xcconfig"; path = "Pods/Target Support Files/Pods-Thinkz/Pods-Thinkz.debug.xcconfig"; sourceTree = "<group>"; };
		80C40E0E470F8FCE90715230 /* Pods-Thinkz.release.xcconfig */ = {isa = PBXFileReference; includeInIndex = 1; lastKnownFileType = text.xcconfig; name = "Pods-Thinkz.release.xcconfig"; path = "Pods/Target Support Files/Pods-Thinkz/Pods-Thinkz.release.xcconfig"; sourceTree = "<group>"; };
		8F1FB6FAFEAF9586AA24D4F2 /* Pods_Thinkz.framework */ = {isa = PBXFileReference; explicitFileType = wrapper.framework; includeInIndex = 0; path = Pods_Thinkz.framework; sourceTree = BUILT_PRODUCTS_DIR; };
/* End PBXFileReference section */

/* Begin PBXFrameworksBuildPhase section */
		23C7131C240326FC00B8627F /* Frameworks */ = {
			isa = PBXFrameworksBuildPhase;
			buildActionMask = 2147483647;
			files = (
				07810FFE5DF5918E29F4A1E9 /* Pods_Thinkz.framework in Frameworks */,
			);
			runOnlyForDeploymentPostprocessing = 0;
		};
/* End PBXFrameworksBuildPhase section */

/* Begin PBXGroup section */
		232192172405704000DF62A7 /* MainViewController */ = {
			isa = PBXGroup;
			children = (
				232192182405706A00DF62A7 /* MainViewController.swift */,
			);
			path = MainViewController;
			sourceTree = "<group>";
		};
		235AD21F24033BCA00ACCA58 /* Constants */ = {
			isa = PBXGroup;
			children = (
				23964C702404615200DE7450 /* segueysNames.swift */,
				230C465E2405907A0029EB2B /* SmartPenConstants .swift */,
			);
			path = Constants;
			sourceTree = "<group>";
		};
		235FDC2C240329A4004082AD /* Moya */ = {
			isa = PBXGroup;
			children = (
			);
			path = Moya;
			sourceTree = "<group>";
		};
		236D5111240459810098611E /* TestDataViewController */ = {
			isa = PBXGroup;
			children = (
				236D5112240459B60098611E /* TestDataViewController.swift */,
				236D511424045B850098611E /* TestDataViewController+CBCentralManagerDelegate.swift */,
			);
			path = TestDataViewController;
			sourceTree = "<group>";
		};
		23C71316240326FC00B8627F = {
			isa = PBXGroup;
			children = (
				23C71321240326FC00B8627F /* Thinkz */,
				23C71320240326FC00B8627F /* Products */,
				355E8A5BC5ACCDF475114984 /* Pods */,
				5929439FC63F7E98B96C586D /* Frameworks */,
			);
			sourceTree = "<group>";
		};
		23C71320240326FC00B8627F /* Products */ = {
			isa = PBXGroup;
			children = (
				23C7131F240326FC00B8627F /* Thinkz.app */,
			);
			name = Products;
			sourceTree = "<group>";
		};
		23C71321240326FC00B8627F /* Thinkz */ = {
			isa = PBXGroup;
			children = (
				23C7133B240327C800B8627F /* App Specific Files */,
				23C713362403271700B8627F /* UI */,
				23C7133C2403281100B8627F /* Common */,
				235AD21F24033BCA00ACCA58 /* Constants */,
				23C7133E2403282A00B8627F /* Models */,
				23C7133F2403285C00B8627F /* Services */,
				23C7133D2403281D00B8627F /* Extensions */,
				23C713302403270100B8627F /* Info.plist */,
			);
			path = Thinkz;
			sourceTree = "<group>";
		};
		23C713362403271700B8627F /* UI */ = {
			isa = PBXGroup;
			children = (
				23C713382403275700B8627F /* StoryBoards */,
				23C713372403273300B8627F /* InitialViewController */,
				232192172405704000DF62A7 /* MainViewController */,
				236D5111240459810098611E /* TestDataViewController */,
			);
			path = UI;
			sourceTree = "<group>";
		};
		23C713372403273300B8627F /* InitialViewController */ = {
			isa = PBXGroup;
			children = (
				23C71326240326FC00B8627F /* InitialViewController.swift */,
			);
			path = InitialViewController;
			sourceTree = "<group>";
		};
		23C713382403275700B8627F /* StoryBoards */ = {
			isa = PBXGroup;
			children = (
				23C71328240326FC00B8627F /* Main.storyboard */,
				23C7132D2403270100B8627F /* LaunchScreen.storyboard */,
			);
			path = StoryBoards;
			sourceTree = "<group>";
		};
		23C7133B240327C800B8627F /* App Specific Files */ = {
			isa = PBXGroup;
			children = (
				23C71322240326FC00B8627F /* AppDelegate.swift */,
				23C71324240326FC00B8627F /* SceneDelegate.swift */,
				23C7132B2403270100B8627F /* Assets.xcassets */,
			);
			path = "App Specific Files";
			sourceTree = "<group>";
		};
		23C7133C2403281100B8627F /* Common */ = {
			isa = PBXGroup;
			children = (
			);
			path = Common;
			sourceTree = "<group>";
		};
		23C7133D2403281D00B8627F /* Extensions */ = {
			isa = PBXGroup;
			children = (
				2321921A2405729A00DF62A7 /* DrawingView.swift */,
			);
			path = Extensions;
			sourceTree = "<group>";
		};
		23C7133E2403282A00B8627F /* Models */ = {
			isa = PBXGroup;
			children = (
			);
			path = Models;
			sourceTree = "<group>";
		};
		23C7133F2403285C00B8627F /* Services */ = {
			isa = PBXGroup;
			children = (
				235FDC2C240329A4004082AD /* Moya */,
			);
			path = Services;
			sourceTree = "<group>";
		};
		355E8A5BC5ACCDF475114984 /* Pods */ = {
			isa = PBXGroup;
			children = (
				2D62BF094D2087BBB00EECBB /* Pods-Thinkz.debug.xcconfig */,
				80C40E0E470F8FCE90715230 /* Pods-Thinkz.release.xcconfig */,
			);
			name = Pods;
			sourceTree = "<group>";
		};
		5929439FC63F7E98B96C586D /* Frameworks */ = {
			isa = PBXGroup;
			children = (
				8F1FB6FAFEAF9586AA24D4F2 /* Pods_Thinkz.framework */,
			);
			name = Frameworks;
			sourceTree = "<group>";
		};
/* End PBXGroup section */

/* Begin PBXNativeTarget section */
		23C7131E240326FC00B8627F /* Thinkz */ = {
			isa = PBXNativeTarget;
			buildConfigurationList = 23C713332403270100B8627F /* Build configuration list for PBXNativeTarget "Thinkz" */;
			buildPhases = (
				3F8D58725976D9E7C9CF8E3B /* [CP] Check Pods Manifest.lock */,
				23C7131B240326FC00B8627F /* Sources */,
				23C7131C240326FC00B8627F /* Frameworks */,
				23C7131D240326FC00B8627F /* Resources */,
				ED5831F94ECDB2D9E022D7DC /* [CP] Embed Pods Frameworks */,
			);
			buildRules = (
			);
			dependencies = (
			);
			name = Thinkz;
			productName = Thinkz;
			productReference = 23C7131F240326FC00B8627F /* Thinkz.app */;
			productType = "com.apple.product-type.application";
		};
/* End PBXNativeTarget section */

/* Begin PBXProject section */
		23C71317240326FC00B8627F /* Project object */ = {
			isa = PBXProject;
			attributes = {
				LastSwiftUpdateCheck = 1130;
				LastUpgradeCheck = 1130;
				ORGANIZATIONNAME = "Mateusz Łukasiński";
				TargetAttributes = {
					23C7131E240326FC00B8627F = {
						CreatedOnToolsVersion = 11.3.1;
					};
				};
			};
			buildConfigurationList = 23C7131A240326FC00B8627F /* Build configuration list for PBXProject "Thinkz" */;
			compatibilityVersion = "Xcode 9.3";
			developmentRegion = en;
			hasScannedForEncodings = 0;
			knownRegions = (
				en,
				Base,
			);
			mainGroup = 23C71316240326FC00B8627F;
			productRefGroup = 23C71320240326FC00B8627F /* Products */;
			projectDirPath = "";
			projectRoot = "";
			targets = (
				23C7131E240326FC00B8627F /* Thinkz */,
			);
		};
/* End PBXProject section */

/* Begin PBXResourcesBuildPhase section */
		23C7131D240326FC00B8627F /* Resources */ = {
			isa = PBXResourcesBuildPhase;
			buildActionMask = 2147483647;
			files = (
				23C7132F2403270100B8627F /* LaunchScreen.storyboard in Resources */,
				23C7132C2403270100B8627F /* Assets.xcassets in Resources */,
				23C7132A240326FC00B8627F /* Main.storyboard in Resources */,
			);
			runOnlyForDeploymentPostprocessing = 0;
		};
/* End PBXResourcesBuildPhase section */

/* Begin PBXShellScriptBuildPhase section */
		3F8D58725976D9E7C9CF8E3B /* [CP] Check Pods Manifest.lock */ = {
			isa = PBXShellScriptBuildPhase;
			buildActionMask = 2147483647;
			files = (
			);
			inputPaths = (
				"${PODS_PODFILE_DIR_PATH}/Podfile.lock",
				"${PODS_ROOT}/Manifest.lock",
			);
			name = "[CP] Check Pods Manifest.lock";
			outputPaths = (
				"$(DERIVED_FILE_DIR)/Pods-Thinkz-checkManifestLockResult.txt",
			);
			runOnlyForDeploymentPostprocessing = 0;
			shellPath = /bin/sh;
			shellScript = "diff \"${PODS_PODFILE_DIR_PATH}/Podfile.lock\" \"${PODS_ROOT}/Manifest.lock\" > /dev/null\nif [ $? != 0 ] ; then\n    # print error to STDERR\n    echo \"error: The sandbox is not in sync with the Podfile.lock. Run 'pod install' or update your CocoaPods installation.\" >&2\n    exit 1\nfi\n# This output is used by Xcode 'outputs' to avoid re-running this script phase.\necho \"SUCCESS\" > \"${SCRIPT_OUTPUT_FILE_0}\"\n";
			showEnvVarsInLog = 0;
		};
		ED5831F94ECDB2D9E022D7DC /* [CP] Embed Pods Frameworks */ = {
			isa = PBXShellScriptBuildPhase;
			buildActionMask = 2147483647;
			files = (
			);
			inputFileListPaths = (
				"${PODS_ROOT}/Target Support Files/Pods-Thinkz/Pods-Thinkz-frameworks-${CONFIGURATION}-input-files.xcfilelist",
			);
			name = "[CP] Embed Pods Frameworks";
			outputFileListPaths = (
				"${PODS_ROOT}/Target Support Files/Pods-Thinkz/Pods-Thinkz-frameworks-${CONFIGURATION}-output-files.xcfilelist",
			);
			runOnlyForDeploymentPostprocessing = 0;
			shellPath = /bin/sh;
			shellScript = "\"${PODS_ROOT}/Target Support Files/Pods-Thinkz/Pods-Thinkz-frameworks.sh\"\n";
			showEnvVarsInLog = 0;
		};
/* End PBXShellScriptBuildPhase section */

/* Begin PBXSourcesBuildPhase section */
		23C7131B240326FC00B8627F /* Sources */ = {
			isa = PBXSourcesBuildPhase;
			buildActionMask = 2147483647;
			files = (
				232192192405706A00DF62A7 /* MainViewController.swift in Sources */,
				230C465F2405907A0029EB2B /* SmartPenConstants .swift in Sources */,
				23964C712404615200DE7450 /* segueysNames.swift in Sources */,
				236D511524045B850098611E /* TestDataViewController+CBCentralManagerDelegate.swift in Sources */,
				2321921B2405729A00DF62A7 /* DrawingView.swift in Sources */,
				236D5113240459B60098611E /* TestDataViewController.swift in Sources */,
				23C71327240326FC00B8627F /* InitialViewController.swift in Sources */,
				23C71323240326FC00B8627F /* AppDelegate.swift in Sources */,
				23C71325240326FC00B8627F /* SceneDelegate.swift in Sources */,
			);
			runOnlyForDeploymentPostprocessing = 0;
		};
/* End PBXSourcesBuildPhase section */

/* Begin PBXVariantGroup section */
		23C71328240326FC00B8627F /* Main.storyboard */ = {
			isa = PBXVariantGroup;
			children = (
				23C71329240326FC00B8627F /* Base */,
			);
			name = Main.storyboard;
			sourceTree = "<group>";
		};
		23C7132D2403270100B8627F /* LaunchScreen.storyboard */ = {
			isa = PBXVariantGroup;
			children = (
				23C7132E2403270100B8627F /* Base */,
			);
			name = LaunchScreen.storyboard;
			sourceTree = "<group>";
		};
/* End PBXVariantGroup section */

/* Begin XCBuildConfiguration section */
		23C713312403270100B8627F /* Debug */ = {
			isa = XCBuildConfiguration;
			buildSettings = {
				ALWAYS_SEARCH_USER_PATHS = NO;
				CLANG_ANALYZER_NONNULL = YES;
				CLANG_ANALYZER_NUMBER_OBJECT_CONVERSION = YES_AGGRESSIVE;
				CLANG_CXX_LANGUAGE_STANDARD = "gnu++14";
				CLANG_CXX_LIBRARY = "libc++";
				CLANG_ENABLE_MODULES = YES;
				CLANG_ENABLE_OBJC_ARC = YES;
				CLANG_ENABLE_OBJC_WEAK = YES;
				CLANG_WARN_BLOCK_CAPTURE_AUTORELEASING = YES;
				CLANG_WARN_BOOL_CONVERSION = YES;
				CLANG_WARN_COMMA = YES;
				CLANG_WARN_CONSTANT_CONVERSION = YES;
				CLANG_WARN_DEPRECATED_OBJC_IMPLEMENTATIONS = YES;
				CLANG_WARN_DIRECT_OBJC_ISA_USAGE = YES_ERROR;
				CLANG_WARN_DOCUMENTATION_COMMENTS = YES;
				CLANG_WARN_EMPTY_BODY = YES;
				CLANG_WARN_ENUM_CONVERSION = YES;
				CLANG_WARN_INFINITE_RECURSION = YES;
				CLANG_WARN_INT_CONVERSION = YES;
				CLANG_WARN_NON_LITERAL_NULL_CONVERSION = YES;
				CLANG_WARN_OBJC_IMPLICIT_RETAIN_SELF = YES;
				CLANG_WARN_OBJC_LITERAL_CONVERSION = YES;
				CLANG_WARN_OBJC_ROOT_CLASS = YES_ERROR;
				CLANG_WARN_RANGE_LOOP_ANALYSIS = YES;
				CLANG_WARN_STRICT_PROTOTYPES = YES;
				CLANG_WARN_SUSPICIOUS_MOVE = YES;
				CLANG_WARN_UNGUARDED_AVAILABILITY = YES_AGGRESSIVE;
				CLANG_WARN_UNREACHABLE_CODE = YES;
				CLANG_WARN__DUPLICATE_METHOD_MATCH = YES;
				COPY_PHASE_STRIP = NO;
				DEBUG_INFORMATION_FORMAT = dwarf;
				ENABLE_STRICT_OBJC_MSGSEND = YES;
				ENABLE_TESTABILITY = YES;
				GCC_C_LANGUAGE_STANDARD = gnu11;
				GCC_DYNAMIC_NO_PIC = NO;
				GCC_NO_COMMON_BLOCKS = YES;
				GCC_OPTIMIZATION_LEVEL = 0;
				GCC_PREPROCESSOR_DEFINITIONS = (
					"DEBUG=1",
					"$(inherited)",
				);
				GCC_WARN_64_TO_32_BIT_CONVERSION = YES;
				GCC_WARN_ABOUT_RETURN_TYPE = YES_ERROR;
				GCC_WARN_UNDECLARED_SELECTOR = YES;
				GCC_WARN_UNINITIALIZED_AUTOS = YES_AGGRESSIVE;
				GCC_WARN_UNUSED_FUNCTION = YES;
				GCC_WARN_UNUSED_VARIABLE = YES;
				IPHONEOS_DEPLOYMENT_TARGET = 13.2;
				MTL_ENABLE_DEBUG_INFO = INCLUDE_SOURCE;
				MTL_FAST_MATH = YES;
				ONLY_ACTIVE_ARCH = YES;
				SDKROOT = iphoneos;
				SWIFT_ACTIVE_COMPILATION_CONDITIONS = DEBUG;
				SWIFT_OPTIMIZATION_LEVEL = "-Onone";
			};
			name = Debug;
		};
		23C713322403270100B8627F /* Release */ = {
			isa = XCBuildConfiguration;
			buildSettings = {
				ALWAYS_SEARCH_USER_PATHS = NO;
				CLANG_ANALYZER_NONNULL = YES;
				CLANG_ANALYZER_NUMBER_OBJECT_CONVERSION = YES_AGGRESSIVE;
				CLANG_CXX_LANGUAGE_STANDARD = "gnu++14";
				CLANG_CXX_LIBRARY = "libc++";
				CLANG_ENABLE_MODULES = YES;
				CLANG_ENABLE_OBJC_ARC = YES;
				CLANG_ENABLE_OBJC_WEAK = YES;
				CLANG_WARN_BLOCK_CAPTURE_AUTORELEASING = YES;
				CLANG_WARN_BOOL_CONVERSION = YES;
				CLANG_WARN_COMMA = YES;
				CLANG_WARN_CONSTANT_CONVERSION = YES;
				CLANG_WARN_DEPRECATED_OBJC_IMPLEMENTATIONS = YES;
				CLANG_WARN_DIRECT_OBJC_ISA_USAGE = YES_ERROR;
				CLANG_WARN_DOCUMENTATION_COMMENTS = YES;
				CLANG_WARN_EMPTY_BODY = YES;
				CLANG_WARN_ENUM_CONVERSION = YES;
				CLANG_WARN_INFINITE_RECURSION = YES;
				CLANG_WARN_INT_CONVERSION = YES;
				CLANG_WARN_NON_LITERAL_NULL_CONVERSION = YES;
				CLANG_WARN_OBJC_IMPLICIT_RETAIN_SELF = YES;
				CLANG_WARN_OBJC_LITERAL_CONVERSION = YES;
				CLANG_WARN_OBJC_ROOT_CLASS = YES_ERROR;
				CLANG_WARN_RANGE_LOOP_ANALYSIS = YES;
				CLANG_WARN_STRICT_PROTOTYPES = YES;
				CLANG_WARN_SUSPICIOUS_MOVE = YES;
				CLANG_WARN_UNGUARDED_AVAILABILITY = YES_AGGRESSIVE;
				CLANG_WARN_UNREACHABLE_CODE = YES;
				CLANG_WARN__DUPLICATE_METHOD_MATCH = YES;
				COPY_PHASE_STRIP = NO;
				DEBUG_INFORMATION_FORMAT = "dwarf-with-dsym";
				ENABLE_NS_ASSERTIONS = NO;
				ENABLE_STRICT_OBJC_MSGSEND = YES;
				GCC_C_LANGUAGE_STANDARD = gnu11;
				GCC_NO_COMMON_BLOCKS = YES;
				GCC_WARN_64_TO_32_BIT_CONVERSION = YES;
				GCC_WARN_ABOUT_RETURN_TYPE = YES_ERROR;
				GCC_WARN_UNDECLARED_SELECTOR = YES;
				GCC_WARN_UNINITIALIZED_AUTOS = YES_AGGRESSIVE;
				GCC_WARN_UNUSED_FUNCTION = YES;
				GCC_WARN_UNUSED_VARIABLE = YES;
				IPHONEOS_DEPLOYMENT_TARGET = 13.2;
				MTL_ENABLE_DEBUG_INFO = NO;
				MTL_FAST_MATH = YES;
				SDKROOT = iphoneos;
				SWIFT_COMPILATION_MODE = wholemodule;
				SWIFT_OPTIMIZATION_LEVEL = "-O";
				VALIDATE_PRODUCT = YES;
			};
			name = Release;
		};
		23C713342403270100B8627F /* Debug */ = {
			isa = XCBuildConfiguration;
			baseConfigurationReference = 2D62BF094D2087BBB00EECBB /* Pods-Thinkz.debug.xcconfig */;
			buildSettings = {
				ASSETCATALOG_COMPILER_APPICON_NAME = AppIcon;
				CODE_SIGN_STYLE = Automatic;
				DEVELOPMENT_TEAM = 7CS6N8JRT4;
				INFOPLIST_FILE = Thinkz/Info.plist;
				LD_RUNPATH_SEARCH_PATHS = (
					"$(inherited)",
					"@executable_path/Frameworks",
				);
				PRODUCT_BUNDLE_IDENTIFIER = MLukasinski.Thinkz;
				PRODUCT_NAME = "$(TARGET_NAME)";
				SWIFT_VERSION = 5.0;
				TARGETED_DEVICE_FAMILY = 2;
			};
			name = Debug;
		};
		23C713352403270100B8627F /* Release */ = {
			isa = XCBuildConfiguration;
			baseConfigurationReference = 80C40E0E470F8FCE90715230 /* Pods-Thinkz.release.xcconfig */;
			buildSettings = {
				ASSETCATALOG_COMPILER_APPICON_NAME = AppIcon;
				CODE_SIGN_STYLE = Automatic;
				DEVELOPMENT_TEAM = 7CS6N8JRT4;
				INFOPLIST_FILE = Thinkz/Info.plist;
				LD_RUNPATH_SEARCH_PATHS = (
					"$(inherited)",
					"@executable_path/Frameworks",
				);
				PRODUCT_BUNDLE_IDENTIFIER = MLukasinski.Thinkz;
				PRODUCT_NAME = "$(TARGET_NAME)";
				SWIFT_VERSION = 5.0;
				TARGETED_DEVICE_FAMILY = 2;
			};
			name = Release;
		};
/* End XCBuildConfiguration section */

/* Begin XCConfigurationList section */
		23C7131A240326FC00B8627F /* Build configuration list for PBXProject "Thinkz" */ = {
			isa = XCConfigurationList;
			buildConfigurations = (
				23C713312403270100B8627F /* Debug */,
				23C713322403270100B8627F /* Release */,
			);
			defaultConfigurationIsVisible = 0;
			defaultConfigurationName = Release;
		};
		23C713332403270100B8627F /* Build configuration list for PBXNativeTarget "Thinkz" */ = {
			isa = XCConfigurationList;
			buildConfigurations = (
				23C713342403270100B8627F /* Debug */,
				23C713352403270100B8627F /* Release */,
			);
			defaultConfigurationIsVisible = 0;
			defaultConfigurationName = Release;
		};
/* End XCConfigurationList section */
	};
	rootObject = 23C71317240326FC00B8627F /* Project object */;
}
